PODS:
  - Alamofire (4.7.2)
  - PromiseKit/Alamofire (6.3.4):
    - Alamofire (~> 4.0)
    - PromiseKit/CorePromise
  - PromiseKit/CorePromise (6.3.4)

DEPENDENCIES:
  - Alamofire
  - PromiseKit/Alamofire

SPEC REPOS:
  https://github.com/cocoapods/specs.git:
    - Alamofire
    - PromiseKit

SPEC CHECKSUMS:
  Alamofire: e4fa87002c137ba2d8d634d2c51fabcda0d5c223
  PromiseKit: e1425568123ec844a944c93f2bcb29d511d39cf5

PODFILE CHECKSUM: cf9108f534c847f15abada27b52c3efcbe8c7d03

COCOAPODS: 1.5.3
